
Microsoft Visual Studio Solution File, Format Version 12.00
# Visual Studio Version 16
VisualStudioVersion = 16.0.29230.47
MinimumVisualStudioVersion = 10.0.40219.1
Project("{FAE04EC0-301F-11D3-BF4B-00C04F79EFBC}") = "MVC_pattern", "MVC_pattern\MVC_pattern.csproj", "{49D0835C-9E90-49D7-8AA8-52AC486A8CF0}"
EndProject
Global
	GlobalSection(SolutionConfigurationPlatforms) = preSolution
		Debug|Any CPU = Debug|Any CPU
		Release|Any CPU = Release|Any CPU
	EndGlobalSection
	GlobalSection(ProjectConfigurationPlatforms) = postSolution
		{49D0835C-9E90-49D7-8AA8-52AC486A8CF0}.Debug|Any CPU.ActiveCfg = Debug|Any CPU
		{49D0835C-9E90-49D7-8AA8-52AC486A8CF0}.Debug|Any CPU.Build.0 = Debug|Any CPU
		{49D0835C-9E90-49D7-8AA8-52AC486A8CF0}.Release|Any CPU.ActiveCfg = Release|Any CPU
		{49D0835C-9E90-49D7-8AA8-52AC486A8CF0}.Release|Any CPU.Build.0 = Release|Any CPU
	EndGlobalSection
	GlobalSection(SolutionProperties) = preSolution
		HideSolutionNode = FALSE
	EndGlobalSection
	GlobalSection(ExtensibilityGlobals) = postSolution
		SolutionGuid = {FCE16247-361D-4D6A-8201-AB4966132923}
	EndGlobalSection
EndGlobal
